
Microsoft Visual Studio Solution File, Format Version 11.00
# Visual Studio 2010
# SharpDevelop 4.4
Project("{FD48973F-F585-4F70-812B-4D0503B36CE9}") = "club gui", "club gui\club gui.pyproj", "{1D94170E-AF59-4263-9B09-11F723000893}"
EndProject
Global
	GlobalSection(SolutionConfigurationPlatforms) = preSolution
		Debug|Any CPU = Debug|Any CPU
		Release|Any CPU = Release|Any CPU
	EndGlobalSection
	GlobalSection(ProjectConfigurationPlatforms) = postSolution
		{1D94170E-AF59-4263-9B09-11F723000893}.Debug|Any CPU.Build.0 = Debug|Any CPU
		{1D94170E-AF59-4263-9B09-11F723000893}.Debug|Any CPU.ActiveCfg = Debug|Any CPU
		{1D94170E-AF59-4263-9B09-11F723000893}.Release|Any CPU.Build.0 = Release|Any CPU
		{1D94170E-AF59-4263-9B09-11F723000893}.Release|Any CPU.ActiveCfg = Release|Any CPU
	EndGlobalSection
EndGlobal
