
Microsoft Visual Studio Solution File, Format Version 11.00
# Visual Studio 2010
# SharpDevelop 4.4
Project("{FD48973F-F585-4F70-812B-4D0503B36CE9}") = "prog88A", "prog88A\prog88A.pyproj", "{BF76A423-9E23-4DF9-9C50-E615AC8B8C58}"
EndProject
Global
	GlobalSection(SolutionConfigurationPlatforms) = preSolution
		Debug|Any CPU = Debug|Any CPU
		Release|Any CPU = Release|Any CPU
	EndGlobalSection
	GlobalSection(ProjectConfigurationPlatforms) = postSolution
		{BF76A423-9E23-4DF9-9C50-E615AC8B8C58}.Debug|Any CPU.Build.0 = Debug|Any CPU
		{BF76A423-9E23-4DF9-9C50-E615AC8B8C58}.Debug|Any CPU.ActiveCfg = Debug|Any CPU
		{BF76A423-9E23-4DF9-9C50-E615AC8B8C58}.Release|Any CPU.Build.0 = Release|Any CPU
		{BF76A423-9E23-4DF9-9C50-E615AC8B8C58}.Release|Any CPU.ActiveCfg = Release|Any CPU
	EndGlobalSection
EndGlobal
