
Microsoft Visual Studio Solution File, Format Version 11.00
# Visual Studio 2010
# SharpDevelop 4.4
Project("{FD48973F-F585-4F70-812B-4D0503B36CE9}") = "craig rules", "craig rules\craig rules.pyproj", "{858A4D9C-F592-4594-8CC5-A6644A9E3A38}"
EndProject
Global
	GlobalSection(SolutionConfigurationPlatforms) = preSolution
		Debug|Any CPU = Debug|Any CPU
		Release|Any CPU = Release|Any CPU
	EndGlobalSection
	GlobalSection(ProjectConfigurationPlatforms) = postSolution
		{858A4D9C-F592-4594-8CC5-A6644A9E3A38}.Debug|Any CPU.Build.0 = Debug|Any CPU
		{858A4D9C-F592-4594-8CC5-A6644A9E3A38}.Debug|Any CPU.ActiveCfg = Debug|Any CPU
		{858A4D9C-F592-4594-8CC5-A6644A9E3A38}.Release|Any CPU.Build.0 = Release|Any CPU
		{858A4D9C-F592-4594-8CC5-A6644A9E3A38}.Release|Any CPU.ActiveCfg = Release|Any CPU
	EndGlobalSection
EndGlobal
